// !$*UTF8*$!
{
	archiveVersion = 1;
	classes = {
	};
	objectVersion = 46;
	objects = {

/* Begin PBXBuildFile section */
		B31B6D5215C13D5200854074 /* Foundation.framework in Frameworks */ = {isa = PBXBuildFile; fileRef = B31B6D5115C13D5200854074 /* Foundation.framework */; };
		B31B6D6F15C1467100854074 /* CoreFoundation.framework in Frameworks */ = {isa = PBXBuildFile; fileRef = B31B6D6E15C1467100854074 /* CoreFoundation.framework */; };
		B37C3A5D162717A200B50A60 /* ForgeCore.framework in Frameworks */ = {isa = PBXBuildFile; fileRef = B37C3A5C162717A200B50A60 /* ForgeCore.framework */; };
		B3CC61F21716ECB500A1A8EF /* flx_photoupload_API.m in Sources */ = {isa = PBXBuildFile; fileRef = B3CC61F01716ECB500A1A8EF /* flx_photoupload_API.m */; };
		B3CC61F41716ECBB00A1A8EF /* flx_photoupload_EventListener.m in Sources */ = {isa = PBXBuildFile; fileRef = B3CC61F31716ECBB00A1A8EF /* flx_photoupload_EventListener.m */; };
		B3FC51F815C151E5003574D9 /* UIKit.framework in Frameworks */ = {isa = PBXBuildFile; fileRef = B3FC51F715C151E5003574D9 /* UIKit.framework */; };
		B3FC51FF15C1523D003574D9 /* CoreGraphics.framework in Frameworks */ = {isa = PBXBuildFile; fileRef = B3FC51FE15C1523D003574D9 /* CoreGraphics.framework */; };
		B3FC524215C177EA003574D9 /* AssetsLibrary.framework in Frameworks */ = {isa = PBXBuildFile; fileRef = B3FC524115C177EA003574D9 /* AssetsLibrary.framework */; };
		B3FC524815C17B2C003574D9 /* SystemConfiguration.framework in Frameworks */ = {isa = PBXBuildFile; fileRef = B3FC524715C17B2C003574D9 /* SystemConfiguration.framework */; };
		F90B97B119A5F26F00076B52 /* PhotoAsset.m in Sources */ = {isa = PBXBuildFile; fileRef = F90B97B019A5F26F00076B52 /* PhotoAsset.m */; };
		F90B97B619A6323D00076B52 /* PhotoUploadRequest.m in Sources */ = {isa = PBXBuildFile; fileRef = F90B97B519A6323D00076B52 /* PhotoUploadRequest.m */; };
		F91FDE9F19A4CFC600B3C936 /* PhotoUploader.m in Sources */ = {isa = PBXBuildFile; fileRef = F91FDE9E19A4CFC600B3C936 /* PhotoUploader.m */; };
		F924C32719AB3FFD005881EB /* AutouploadService.m in Sources */ = {isa = PBXBuildFile; fileRef = F924C32619AB3FFD005881EB /* AutouploadService.m */; };
		F966650B19DC51BF00DC9A28 /* libxml2.dylib in Frameworks */ = {isa = PBXBuildFile; fileRef = F9FE6EB619D41A510053534A /* libxml2.dylib */; };
		F966651019DC526500DC9A28 /* ThumbnailServerHttpConnection.m in Sources */ = {isa = PBXBuildFile; fileRef = F966650F19DC526500DC9A28 /* ThumbnailServerHttpConnection.m */; };
		F98A0F7919D55A24004EBF8C /* .gitignore in Resources */ = {isa = PBXBuildFile; fileRef = F98A0F0319D55A24004EBF8C /* .gitignore */; };
		F98A0F7A19D55A24004EBF8C /* .hgignore in Resources */ = {isa = PBXBuildFile; fileRef = F98A0F0419D55A24004EBF8C /* .hgignore */; };
		F98A0F7B19D55A24004EBF8C /* DDData.m in Sources */ = {isa = PBXBuildFile; fileRef = F98A0F0819D55A24004EBF8C /* DDData.m */; };
		F98A0F7D19D55A24004EBF8C /* DDNumber.m in Sources */ = {isa = PBXBuildFile; fileRef = F98A0F0A19D55A24004EBF8C /* DDNumber.m */; };
		F98A0F7F19D55A24004EBF8C /* DDRange.m in Sources */ = {isa = PBXBuildFile; fileRef = F98A0F0C19D55A24004EBF8C /* DDRange.m */; };
		F98A0F8119D55A24004EBF8C /* HTTPAuthenticationRequest.m in Sources */ = {isa = PBXBuildFile; fileRef = F98A0F0E19D55A24004EBF8C /* HTTPAuthenticationRequest.m */; };
		F98A0F8319D55A24004EBF8C /* HTTPConnection.m in Sources */ = {isa = PBXBuildFile; fileRef = F98A0F1019D55A24004EBF8C /* HTTPConnection.m */; };
		F98A0F8519D55A24004EBF8C /* HTTPMessage.m in Sources */ = {isa = PBXBuildFile; fileRef = F98A0F1319D55A24004EBF8C /* HTTPMessage.m */; };
		F98A0F8719D55A24004EBF8C /* HTTPServer.m in Sources */ = {isa = PBXBuildFile; fileRef = F98A0F1619D55A24004EBF8C /* HTTPServer.m */; };
		F98A0F8919D55A24004EBF8C /* MultipartFormDataParser.m in Sources */ = {isa = PBXBuildFile; fileRef = F98A0F1919D55A24004EBF8C /* MultipartFormDataParser.m */; };
		F98A0F8B19D55A24004EBF8C /* MultipartMessageHeader.m in Sources */ = {isa = PBXBuildFile; fileRef = F98A0F1B19D55A24004EBF8C /* MultipartMessageHeader.m */; };
		F98A0F8D19D55A24004EBF8C /* MultipartMessageHeaderField.m in Sources */ = {isa = PBXBuildFile; fileRef = F98A0F1D19D55A24004EBF8C /* MultipartMessageHeaderField.m */; };
		F98A0F8F19D55A24004EBF8C /* HTTPAsyncFileResponse.m in Sources */ = {isa = PBXBuildFile; fileRef = F98A0F2019D55A24004EBF8C /* HTTPAsyncFileResponse.m */; };
		F98A0F9119D55A24004EBF8C /* HTTPDataResponse.m in Sources */ = {isa = PBXBuildFile; fileRef = F98A0F2219D55A24004EBF8C /* HTTPDataResponse.m */; };
		F98A0F9319D55A24004EBF8C /* HTTPDynamicFileResponse.m in Sources */ = {isa = PBXBuildFile; fileRef = F98A0F2419D55A24004EBF8C /* HTTPDynamicFileResponse.m */; };
		F98A0F9519D55A24004EBF8C /* HTTPErrorResponse.m in Sources */ = {isa = PBXBuildFile; fileRef = F98A0F2619D55A24004EBF8C /* HTTPErrorResponse.m */; };
		F98A0F9719D55A24004EBF8C /* HTTPFileResponse.m in Sources */ = {isa = PBXBuildFile; fileRef = F98A0F2819D55A24004EBF8C /* HTTPFileResponse.m */; };
		F98A0F9919D55A24004EBF8C /* HTTPRedirectResponse.m in Sources */ = {isa = PBXBuildFile; fileRef = F98A0F2A19D55A24004EBF8C /* HTTPRedirectResponse.m */; };
		F98A0F9B19D55A24004EBF8C /* WebSocket.m in Sources */ = {isa = PBXBuildFile; fileRef = F98A0F2C19D55A24004EBF8C /* WebSocket.m */; };
		F98A0F9D19D55A24004EBF8C /* DAVConnection.m in Sources */ = {isa = PBXBuildFile; fileRef = F98A0F3019D55A24004EBF8C /* DAVConnection.m */; };
		F98A0F9F19D55A24004EBF8C /* DAVResponse.m in Sources */ = {isa = PBXBuildFile; fileRef = F98A0F3219D55A24004EBF8C /* DAVResponse.m */; };
		F98A0FA119D55A24004EBF8C /* DELETEResponse.m in Sources */ = {isa = PBXBuildFile; fileRef = F98A0F3419D55A24004EBF8C /* DELETEResponse.m */; };
		F98A0FA319D55A24004EBF8C /* PUTResponse.m in Sources */ = {isa = PBXBuildFile; fileRef = F98A0F3619D55A24004EBF8C /* PUTResponse.m */; };
		F98A0FA519D55A24004EBF8C /* LICENSE.txt in Resources */ = {isa = PBXBuildFile; fileRef = F98A0F3719D55A24004EBF8C /* LICENSE.txt */; };
		F98A0FA619D55A24004EBF8C /* README.markdown in Resources */ = {isa = PBXBuildFile; fileRef = F98A0F3819D55A24004EBF8C /* README.markdown */; };
		F98A0FA719D55A24004EBF8C /* About.txt in Resources */ = {isa = PBXBuildFile; fileRef = F98A0F6419D55A24004EBF8C /* About.txt */; };
		F98A0FA819D55A24004EBF8C /* GCDAsyncSocket.m in Sources */ = {isa = PBXBuildFile; fileRef = F98A0F6619D55A24004EBF8C /* GCDAsyncSocket.m */; };
		F98A0FAA19D55A24004EBF8C /* About.txt in Resources */ = {isa = PBXBuildFile; fileRef = F98A0F6819D55A24004EBF8C /* About.txt */; };
		F98A0FAB19D55A24004EBF8C /* DDAbstractDatabaseLogger.m in Sources */ = {isa = PBXBuildFile; fileRef = F98A0F6A19D55A24004EBF8C /* DDAbstractDatabaseLogger.m */; };
		F98A0FAD19D55A24004EBF8C /* DDASLLogger.m in Sources */ = {isa = PBXBuildFile; fileRef = F98A0F6C19D55A24004EBF8C /* DDASLLogger.m */; };
		F98A0FAF19D55A24004EBF8C /* DDFileLogger.m in Sources */ = {isa = PBXBuildFile; fileRef = F98A0F6E19D55A24004EBF8C /* DDFileLogger.m */; };
		F98A0FB119D55A24004EBF8C /* DDLog.m in Sources */ = {isa = PBXBuildFile; fileRef = F98A0F7019D55A24004EBF8C /* DDLog.m */; };
		F98A0FB319D55A24004EBF8C /* DDTTYLogger.m in Sources */ = {isa = PBXBuildFile; fileRef = F98A0F7219D55A24004EBF8C /* DDTTYLogger.m */; };
		F98A0FB519D55A24004EBF8C /* ContextFilterLogFormatter.m in Sources */ = {isa = PBXBuildFile; fileRef = F98A0F7519D55A24004EBF8C /* ContextFilterLogFormatter.m */; };
		F98A0FB719D55A24004EBF8C /* DispatchQueueLogFormatter.m in Sources */ = {isa = PBXBuildFile; fileRef = F98A0F7719D55A24004EBF8C /* DispatchQueueLogFormatter.m */; };
		F98A0FB919D55A24004EBF8C /* README.txt in Resources */ = {isa = PBXBuildFile; fileRef = F98A0F7819D55A24004EBF8C /* README.txt */; };
		F9ACABC71998BCF300D80CF6 /* PhotoLibrary.m in Sources */ = {isa = PBXBuildFile; fileRef = F9ACABC61998BCF300D80CF6 /* PhotoLibrary.m */; };
		F9FE6EB719D41A510053534A /* libxml2.dylib in Frameworks */ = {isa = PBXBuildFile; fileRef = F9FE6EB619D41A510053534A /* libxml2.dylib */; };
		F9FE6EB919D41AB20053534A /* CFNetwork.framework in Frameworks */ = {isa = PBXBuildFile; fileRef = F9FE6EB819D41AB20053534A /* CFNetwork.framework */; };
		F9FE6EBB19D41AD70053534A /* Security.framework in Frameworks */ = {isa = PBXBuildFile; fileRef = F9FE6EBA19D41AD70053534A /* Security.framework */; };
/* End PBXBuildFile section */

/* Begin PBXFileReference section */
		B31B6D4E15C13D5200854074 /* libForgeModule.a */ = {isa = PBXFileReference; explicitFileType = archive.ar; includeInIndex = 0; path = libForgeModule.a; sourceTree = BUILT_PRODUCTS_DIR; };
		B31B6D5115C13D5200854074 /* Foundation.framework */ = {isa = PBXFileReference; lastKnownFileType = wrapper.framework; name = Foundation.framework; path = System/Library/Frameworks/Foundation.framework; sourceTree = SDKROOT; };
		B31B6D6D15C1467100854074 /* flx_photoupload.bundle */ = {isa = PBXFileReference; explicitFileType = wrapper.cfbundle; includeInIndex = 0; path = flx_photoupload.bundle; sourceTree = BUILT_PRODUCTS_DIR; };
		B31B6D6E15C1467100854074 /* CoreFoundation.framework */ = {isa = PBXFileReference; lastKnownFileType = wrapper.framework; name = CoreFoundation.framework; path = System/Library/Frameworks/CoreFoundation.framework; sourceTree = SDKROOT; };
		B37C3A5C162717A200B50A60 /* ForgeCore.framework */ = {isa = PBXFileReference; lastKnownFileType = wrapper.framework; name = ForgeCore.framework; path = ../ForgeCore.framework; sourceTree = "<group>"; };
		B3CC61EF1716ECB500A1A8EF /* flx_photoupload_API.h */ = {isa = PBXFileReference; fileEncoding = 4; lastKnownFileType = sourcecode.c.h; path = flx_photoupload_API.h; sourceTree = "<group>"; };
		B3CC61F01716ECB500A1A8EF /* flx_photoupload_API.m */ = {isa = PBXFileReference; fileEncoding = 4; lastKnownFileType = sourcecode.c.objc; path = flx_photoupload_API.m; sourceTree = "<group>"; };
		B3CC61F11716ECB500A1A8EF /* flx_photoupload_EventListener.h */ = {isa = PBXFileReference; fileEncoding = 4; lastKnownFileType = sourcecode.c.h; path = flx_photoupload_EventListener.h; sourceTree = "<group>"; };
		B3CC61F31716ECBB00A1A8EF /* flx_photoupload_EventListener.m */ = {isa = PBXFileReference; fileEncoding = 4; lastKnownFileType = sourcecode.c.objc; path = flx_photoupload_EventListener.m; sourceTree = "<group>"; };
		B3FC51F715C151E5003574D9 /* UIKit.framework */ = {isa = PBXFileReference; lastKnownFileType = wrapper.framework; name = UIKit.framework; path = System/Library/Frameworks/UIKit.framework; sourceTree = SDKROOT; };
		B3FC51FE15C1523D003574D9 /* CoreGraphics.framework */ = {isa = PBXFileReference; lastKnownFileType = wrapper.framework; name = CoreGraphics.framework; path = System/Library/Frameworks/CoreGraphics.framework; sourceTree = SDKROOT; };
		B3FC524115C177EA003574D9 /* AssetsLibrary.framework */ = {isa = PBXFileReference; lastKnownFileType = wrapper.framework; name = AssetsLibrary.framework; path = System/Library/Frameworks/AssetsLibrary.framework; sourceTree = SDKROOT; };
		B3FC524715C17B2C003574D9 /* SystemConfiguration.framework */ = {isa = PBXFileReference; lastKnownFileType = wrapper.framework; name = SystemConfiguration.framework; path = System/Library/Frameworks/SystemConfiguration.framework; sourceTree = SDKROOT; };
		F90B97AF19A5F26F00076B52 /* PhotoAsset.h */ = {isa = PBXFileReference; fileEncoding = 4; lastKnownFileType = sourcecode.c.h; path = PhotoAsset.h; sourceTree = "<group>"; };
		F90B97B019A5F26F00076B52 /* PhotoAsset.m */ = {isa = PBXFileReference; fileEncoding = 4; lastKnownFileType = sourcecode.c.objc; path = PhotoAsset.m; sourceTree = "<group>"; };
		F90B97B419A6323D00076B52 /* PhotoUploadRequest.h */ = {isa = PBXFileReference; fileEncoding = 4; lastKnownFileType = sourcecode.c.h; path = PhotoUploadRequest.h; sourceTree = "<group>"; };
		F90B97B519A6323D00076B52 /* PhotoUploadRequest.m */ = {isa = PBXFileReference; fileEncoding = 4; lastKnownFileType = sourcecode.c.objc; path = PhotoUploadRequest.m; sourceTree = "<group>"; };
		F90CE9CD19A23B7300FEC70F /* Constants.h */ = {isa = PBXFileReference; fileEncoding = 4; lastKnownFileType = sourcecode.c.h; path = Constants.h; sourceTree = "<group>"; };
		F91FDE9D19A4CFC600B3C936 /* PhotoUploader.h */ = {isa = PBXFileReference; fileEncoding = 4; lastKnownFileType = sourcecode.c.h; path = PhotoUploader.h; sourceTree = "<group>"; };
		F91FDE9E19A4CFC600B3C936 /* PhotoUploader.m */ = {isa = PBXFileReference; fileEncoding = 4; lastKnownFileType = sourcecode.c.objc; path = PhotoUploader.m; sourceTree = "<group>"; };
		F924C32519AB3FFD005881EB /* AutouploadService.h */ = {isa = PBXFileReference; fileEncoding = 4; lastKnownFileType = sourcecode.c.h; path = AutouploadService.h; sourceTree = "<group>"; };
		F924C32619AB3FFD005881EB /* AutouploadService.m */ = {isa = PBXFileReference; fileEncoding = 4; lastKnownFileType = sourcecode.c.objc; path = AutouploadService.m; sourceTree = "<group>"; };
		F966650E19DC526500DC9A28 /* ThumbnailServerHttpConnection.h */ = {isa = PBXFileReference; fileEncoding = 4; lastKnownFileType = sourcecode.c.h; path = ThumbnailServerHttpConnection.h; sourceTree = "<group>"; };
		F966650F19DC526500DC9A28 /* ThumbnailServerHttpConnection.m */ = {isa = PBXFileReference; fileEncoding = 4; lastKnownFileType = sourcecode.c.objc; path = ThumbnailServerHttpConnection.m; sourceTree = "<group>"; };
		F98A0F0319D55A24004EBF8C /* .gitignore */ = {isa = PBXFileReference; fileEncoding = 4; lastKnownFileType = text; path = .gitignore; sourceTree = "<group>"; };
		F98A0F0419D55A24004EBF8C /* .hgignore */ = {isa = PBXFileReference; fileEncoding = 4; lastKnownFileType = text; path = .hgignore; sourceTree = "<group>"; };
		F98A0F0719D55A24004EBF8C /* DDData.h */ = {isa = PBXFileReference; fileEncoding = 4; lastKnownFileType = sourcecode.c.h; path = DDData.h; sourceTree = "<group>"; };
		F98A0F0819D55A24004EBF8C /* DDData.m */ = {isa = PBXFileReference; fileEncoding = 4; lastKnownFileType = sourcecode.c.objc; path = DDData.m; sourceTree = "<group>"; };
		F98A0F0919D55A24004EBF8C /* DDNumber.h */ = {isa = PBXFileReference; fileEncoding = 4; lastKnownFileType = sourcecode.c.h; path = DDNumber.h; sourceTree = "<group>"; };
		F98A0F0A19D55A24004EBF8C /* DDNumber.m */ = {isa = PBXFileReference; fileEncoding = 4; lastKnownFileType = sourcecode.c.objc; path = DDNumber.m; sourceTree = "<group>"; };
		F98A0F0B19D55A24004EBF8C /* DDRange.h */ = {isa = PBXFileReference; fileEncoding = 4; lastKnownFileType = sourcecode.c.h; path = DDRange.h; sourceTree = "<group>"; };
		F98A0F0C19D55A24004EBF8C /* DDRange.m */ = {isa = PBXFileReference; fileEncoding = 4; lastKnownFileType = sourcecode.c.objc; path = DDRange.m; sourceTree = "<group>"; };
		F98A0F0D19D55A24004EBF8C /* HTTPAuthenticationRequest.h */ = {isa = PBXFileReference; fileEncoding = 4; lastKnownFileType = sourcecode.c.h; path = HTTPAuthenticationRequest.h; sourceTree = "<group>"; };
		F98A0F0E19D55A24004EBF8C /* HTTPAuthenticationRequest.m */ = {isa = PBXFileReference; fileEncoding = 4; lastKnownFileType = sourcecode.c.objc; path = HTTPAuthenticationRequest.m; sourceTree = "<group>"; };
		F98A0F0F19D55A24004EBF8C /* HTTPConnection.h */ = {isa = PBXFileReference; fileEncoding = 4; lastKnownFileType = sourcecode.c.h; path = HTTPConnection.h; sourceTree = "<group>"; };
		F98A0F1019D55A24004EBF8C /* HTTPConnection.m */ = {isa = PBXFileReference; fileEncoding = 4; lastKnownFileType = sourcecode.c.objc; path = HTTPConnection.m; sourceTree = "<group>"; };
		F98A0F1119D55A24004EBF8C /* HTTPLogging.h */ = {isa = PBXFileReference; fileEncoding = 4; lastKnownFileType = sourcecode.c.h; path = HTTPLogging.h; sourceTree = "<group>"; };
		F98A0F1219D55A24004EBF8C /* HTTPMessage.h */ = {isa = PBXFileReference; fileEncoding = 4; lastKnownFileType = sourcecode.c.h; path = HTTPMessage.h; sourceTree = "<group>"; };
		F98A0F1319D55A24004EBF8C /* HTTPMessage.m */ = {isa = PBXFileReference; fileEncoding = 4; lastKnownFileType = sourcecode.c.objc; path = HTTPMessage.m; sourceTree = "<group>"; };
		F98A0F1419D55A24004EBF8C /* HTTPResponse.h */ = {isa = PBXFileReference; fileEncoding = 4; lastKnownFileType = sourcecode.c.h; path = HTTPResponse.h; sourceTree = "<group>"; };
		F98A0F1519D55A24004EBF8C /* HTTPServer.h */ = {isa = PBXFileReference; fileEncoding = 4; lastKnownFileType = sourcecode.c.h; path = HTTPServer.h; sourceTree = "<group>"; };
		F98A0F1619D55A24004EBF8C /* HTTPServer.m */ = {isa = PBXFileReference; fileEncoding = 4; lastKnownFileType = sourcecode.c.objc; path = HTTPServer.m; sourceTree = "<group>"; };
		F98A0F1819D55A24004EBF8C /* MultipartFormDataParser.h */ = {isa = PBXFileReference; fileEncoding = 4; lastKnownFileType = sourcecode.c.h; path = MultipartFormDataParser.h; sourceTree = "<group>"; };
		F98A0F1919D55A24004EBF8C /* MultipartFormDataParser.m */ = {isa = PBXFileReference; fileEncoding = 4; lastKnownFileType = sourcecode.c.objc; path = MultipartFormDataParser.m; sourceTree = "<group>"; };
		F98A0F1A19D55A24004EBF8C /* MultipartMessageHeader.h */ = {isa = PBXFileReference; fileEncoding = 4; lastKnownFileType = sourcecode.c.h; path = MultipartMessageHeader.h; sourceTree = "<group>"; };
		F98A0F1B19D55A24004EBF8C /* MultipartMessageHeader.m */ = {isa = PBXFileReference; fileEncoding = 4; lastKnownFileType = sourcecode.c.objc; path = MultipartMessageHeader.m; sourceTree = "<group>"; };
		F98A0F1C19D55A24004EBF8C /* MultipartMessageHeaderField.h */ = {isa = PBXFileReference; fileEncoding = 4; lastKnownFileType = sourcecode.c.h; path = MultipartMessageHeaderField.h; sourceTree = "<group>"; };
		F98A0F1D19D55A24004EBF8C /* MultipartMessageHeaderField.m */ = {isa = PBXFileReference; fileEncoding = 4; lastKnownFileType = sourcecode.c.objc; path = MultipartMessageHeaderField.m; sourceTree = "<group>"; };
		F98A0F1F19D55A24004EBF8C /* HTTPAsyncFileResponse.h */ = {isa = PBXFileReference; fileEncoding = 4; lastKnownFileType = sourcecode.c.h; path = HTTPAsyncFileResponse.h; sourceTree = "<group>"; };
		F98A0F2019D55A24004EBF8C /* HTTPAsyncFileResponse.m */ = {isa = PBXFileReference; fileEncoding = 4; lastKnownFileType = sourcecode.c.objc; path = HTTPAsyncFileResponse.m; sourceTree = "<group>"; };
		F98A0F2119D55A24004EBF8C /* HTTPDataResponse.h */ = {isa = PBXFileReference; fileEncoding = 4; lastKnownFileType = sourcecode.c.h; path = HTTPDataResponse.h; sourceTree = "<group>"; };
		F98A0F2219D55A24004EBF8C /* HTTPDataResponse.m */ = {isa = PBXFileReference; fileEncoding = 4; lastKnownFileType = sourcecode.c.objc; path = HTTPDataResponse.m; sourceTree = "<group>"; };
		F98A0F2319D55A24004EBF8C /* HTTPDynamicFileResponse.h */ = {isa = PBXFileReference; fileEncoding = 4; lastKnownFileType = sourcecode.c.h; path = HTTPDynamicFileResponse.h; sourceTree = "<group>"; };
		F98A0F2419D55A24004EBF8C /* HTTPDynamicFileResponse.m */ = {isa = PBXFileReference; fileEncoding = 4; lastKnownFileType = sourcecode.c.objc; path = HTTPDynamicFileResponse.m; sourceTree = "<group>"; };
		F98A0F2519D55A24004EBF8C /* HTTPErrorResponse.h */ = {isa = PBXFileReference; fileEncoding = 4; lastKnownFileType = sourcecode.c.h; path = HTTPErrorResponse.h; sourceTree = "<group>"; };
		F98A0F2619D55A24004EBF8C /* HTTPErrorResponse.m */ = {isa = PBXFileReference; fileEncoding = 4; lastKnownFileType = sourcecode.c.objc; path = HTTPErrorResponse.m; sourceTree = "<group>"; };
		F98A0F2719D55A24004EBF8C /* HTTPFileResponse.h */ = {isa = PBXFileReference; fileEncoding = 4; lastKnownFileType = sourcecode.c.h; path = HTTPFileResponse.h; sourceTree = "<group>"; };
		F98A0F2819D55A24004EBF8C /* HTTPFileResponse.m */ = {isa = PBXFileReference; fileEncoding = 4; lastKnownFileType = sourcecode.c.objc; path = HTTPFileResponse.m; sourceTree = "<group>"; };
		F98A0F2919D55A24004EBF8C /* HTTPRedirectResponse.h */ = {isa = PBXFileReference; fileEncoding = 4; lastKnownFileType = sourcecode.c.h; path = HTTPRedirectResponse.h; sourceTree = "<group>"; };
		F98A0F2A19D55A24004EBF8C /* HTTPRedirectResponse.m */ = {isa = PBXFileReference; fileEncoding = 4; lastKnownFileType = sourcecode.c.objc; path = HTTPRedirectResponse.m; sourceTree = "<group>"; };
		F98A0F2B19D55A24004EBF8C /* WebSocket.h */ = {isa = PBXFileReference; fileEncoding = 4; lastKnownFileType = sourcecode.c.h; path = WebSocket.h; sourceTree = "<group>"; };
		F98A0F2C19D55A24004EBF8C /* WebSocket.m */ = {isa = PBXFileReference; fileEncoding = 4; lastKnownFileType = sourcecode.c.objc; path = WebSocket.m; sourceTree = "<group>"; };
		F98A0F2F19D55A24004EBF8C /* DAVConnection.h */ = {isa = PBXFileReference; fileEncoding = 4; lastKnownFileType = sourcecode.c.h; path = DAVConnection.h; sourceTree = "<group>"; };
		F98A0F3019D55A24004EBF8C /* DAVConnection.m */ = {isa = PBXFileReference; fileEncoding = 4; lastKnownFileType = sourcecode.c.objc; path = DAVConnection.m; sourceTree = "<group>"; };
		F98A0F3119D55A24004EBF8C /* DAVResponse.h */ = {isa = PBXFileReference; fileEncoding = 4; lastKnownFileType = sourcecode.c.h; path = DAVResponse.h; sourceTree = "<group>"; };
		F98A0F3219D55A24004EBF8C /* DAVResponse.m */ = {isa = PBXFileReference; fileEncoding = 4; lastKnownFileType = sourcecode.c.objc; path = DAVResponse.m; sourceTree = "<group>"; };
		F98A0F3319D55A24004EBF8C /* DELETEResponse.h */ = {isa = PBXFileReference; fileEncoding = 4; lastKnownFileType = sourcecode.c.h; path = DELETEResponse.h; sourceTree = "<group>"; };
		F98A0F3419D55A24004EBF8C /* DELETEResponse.m */ = {isa = PBXFileReference; fileEncoding = 4; lastKnownFileType = sourcecode.c.objc; path = DELETEResponse.m; sourceTree = "<group>"; };
		F98A0F3519D55A24004EBF8C /* PUTResponse.h */ = {isa = PBXFileReference; fileEncoding = 4; lastKnownFileType = sourcecode.c.h; path = PUTResponse.h; sourceTree = "<group>"; };
		F98A0F3619D55A24004EBF8C /* PUTResponse.m */ = {isa = PBXFileReference; fileEncoding = 4; lastKnownFileType = sourcecode.c.objc; path = PUTResponse.m; sourceTree = "<group>"; };
		F98A0F3719D55A24004EBF8C /* LICENSE.txt */ = {isa = PBXFileReference; fileEncoding = 4; lastKnownFileType = text; path = LICENSE.txt; sourceTree = "<group>"; };
		F98A0F3819D55A24004EBF8C /* README.markdown */ = {isa = PBXFileReference; fileEncoding = 4; lastKnownFileType = text; path = README.markdown; sourceTree = "<group>"; };
		F98A0F6419D55A24004EBF8C /* About.txt */ = {isa = PBXFileReference; fileEncoding = 4; lastKnownFileType = text; path = About.txt; sourceTree = "<group>"; };
		F98A0F6519D55A24004EBF8C /* GCDAsyncSocket.h */ = {isa = PBXFileReference; fileEncoding = 4; lastKnownFileType = sourcecode.c.h; path = GCDAsyncSocket.h; sourceTree = "<group>"; };
		F98A0F6619D55A24004EBF8C /* GCDAsyncSocket.m */ = {isa = PBXFileReference; fileEncoding = 4; lastKnownFileType = sourcecode.c.objc; path = GCDAsyncSocket.m; sourceTree = "<group>"; };
		F98A0F6819D55A24004EBF8C /* About.txt */ = {isa = PBXFileReference; fileEncoding = 4; lastKnownFileType = text; path = About.txt; sourceTree = "<group>"; };
		F98A0F6919D55A24004EBF8C /* DDAbstractDatabaseLogger.h */ = {isa = PBXFileReference; fileEncoding = 4; lastKnownFileType = sourcecode.c.h; path = DDAbstractDatabaseLogger.h; sourceTree = "<group>"; };
		F98A0F6A19D55A24004EBF8C /* DDAbstractDatabaseLogger.m */ = {isa = PBXFileReference; fileEncoding = 4; lastKnownFileType = sourcecode.c.objc; path = DDAbstractDatabaseLogger.m; sourceTree = "<group>"; };
		F98A0F6B19D55A24004EBF8C /* DDASLLogger.h */ = {isa = PBXFileReference; fileEncoding = 4; lastKnownFileType = sourcecode.c.h; path = DDASLLogger.h; sourceTree = "<group>"; };
		F98A0F6C19D55A24004EBF8C /* DDASLLogger.m */ = {isa = PBXFileReference; fileEncoding = 4; lastKnownFileType = sourcecode.c.objc; path = DDASLLogger.m; sourceTree = "<group>"; };
		F98A0F6D19D55A24004EBF8C /* DDFileLogger.h */ = {isa = PBXFileReference; fileEncoding = 4; lastKnownFileType = sourcecode.c.h; path = DDFileLogger.h; sourceTree = "<group>"; };
		F98A0F6E19D55A24004EBF8C /* DDFileLogger.m */ = {isa = PBXFileReference; fileEncoding = 4; lastKnownFileType = sourcecode.c.objc; path = DDFileLogger.m; sourceTree = "<group>"; };
		F98A0F6F19D55A24004EBF8C /* DDLog.h */ = {isa = PBXFileReference; fileEncoding = 4; lastKnownFileType = sourcecode.c.h; path = DDLog.h; sourceTree = "<group>"; };
		F98A0F7019D55A24004EBF8C /* DDLog.m */ = {isa = PBXFileReference; fileEncoding = 4; lastKnownFileType = sourcecode.c.objc; path = DDLog.m; sourceTree = "<group>"; };
		F98A0F7119D55A24004EBF8C /* DDTTYLogger.h */ = {isa = PBXFileReference; fileEncoding = 4; lastKnownFileType = sourcecode.c.h; path = DDTTYLogger.h; sourceTree = "<group>"; };
		F98A0F7219D55A24004EBF8C /* DDTTYLogger.m */ = {isa = PBXFileReference; fileEncoding = 4; lastKnownFileType = sourcecode.c.objc; path = DDTTYLogger.m; sourceTree = "<group>"; };
		F98A0F7419D55A24004EBF8C /* ContextFilterLogFormatter.h */ = {isa = PBXFileReference; fileEncoding = 4; lastKnownFileType = sourcecode.c.h; path = ContextFilterLogFormatter.h; sourceTree = "<group>"; };
		F98A0F7519D55A24004EBF8C /* ContextFilterLogFormatter.m */ = {isa = PBXFileReference; fileEncoding = 4; lastKnownFileType = sourcecode.c.objc; path = ContextFilterLogFormatter.m; sourceTree = "<group>"; };
		F98A0F7619D55A24004EBF8C /* DispatchQueueLogFormatter.h */ = {isa = PBXFileReference; fileEncoding = 4; lastKnownFileType = sourcecode.c.h; path = DispatchQueueLogFormatter.h; sourceTree = "<group>"; };
		F98A0F7719D55A24004EBF8C /* DispatchQueueLogFormatter.m */ = {isa = PBXFileReference; fileEncoding = 4; lastKnownFileType = sourcecode.c.objc; path = DispatchQueueLogFormatter.m; sourceTree = "<group>"; };
		F98A0F7819D55A24004EBF8C /* README.txt */ = {isa = PBXFileReference; fileEncoding = 4; lastKnownFileType = text; path = README.txt; sourceTree = "<group>"; };
		F9ACABC51998BCF300D80CF6 /* PhotoLibrary.h */ = {isa = PBXFileReference; fileEncoding = 4; lastKnownFileType = sourcecode.c.h; path = PhotoLibrary.h; sourceTree = "<group>"; };
		F9ACABC61998BCF300D80CF6 /* PhotoLibrary.m */ = {isa = PBXFileReference; fileEncoding = 4; lastKnownFileType = sourcecode.c.objc; path = PhotoLibrary.m; sourceTree = "<group>"; };
		F9FE6EB619D41A510053534A /* libxml2.dylib */ = {isa = PBXFileReference; lastKnownFileType = "compiled.mach-o.dylib"; name = libxml2.dylib; path = usr/lib/libxml2.dylib; sourceTree = SDKROOT; };
		F9FE6EB819D41AB20053534A /* CFNetwork.framework */ = {isa = PBXFileReference; lastKnownFileType = wrapper.framework; name = CFNetwork.framework; path = System/Library/Frameworks/CFNetwork.framework; sourceTree = SDKROOT; };
		F9FE6EBA19D41AD70053534A /* Security.framework */ = {isa = PBXFileReference; lastKnownFileType = wrapper.framework; name = Security.framework; path = System/Library/Frameworks/Security.framework; sourceTree = SDKROOT; };
/* End PBXFileReference section */

/* Begin PBXFrameworksBuildPhase section */
		B31B6D4B15C13D5200854074 /* Frameworks */ = {
			isa = PBXFrameworksBuildPhase;
			buildActionMask = 2147483647;
			files = (
				F9FE6EBB19D41AD70053534A /* Security.framework in Frameworks */,
				F9FE6EB919D41AB20053534A /* CFNetwork.framework in Frameworks */,
				F9FE6EB719D41A510053534A /* libxml2.dylib in Frameworks */,
				B3FC524815C17B2C003574D9 /* SystemConfiguration.framework in Frameworks */,
				B3FC524215C177EA003574D9 /* AssetsLibrary.framework in Frameworks */,
				B3FC51FF15C1523D003574D9 /* CoreGraphics.framework in Frameworks */,
				B3FC51F815C151E5003574D9 /* UIKit.framework in Frameworks */,
				B31B6D5215C13D5200854074 /* Foundation.framework in Frameworks */,
				B37C3A5D162717A200B50A60 /* ForgeCore.framework in Frameworks */,
			);
			runOnlyForDeploymentPostprocessing = 0;
		};
		B31B6D6A15C1467100854074 /* Frameworks */ = {
			isa = PBXFrameworksBuildPhase;
			buildActionMask = 2147483647;
			files = (
				F966650B19DC51BF00DC9A28 /* libxml2.dylib in Frameworks */,
				B31B6D6F15C1467100854074 /* CoreFoundation.framework in Frameworks */,
			);
			runOnlyForDeploymentPostprocessing = 0;
		};
/* End PBXFrameworksBuildPhase section */

/* Begin PBXGroup section */
		B31B6D4315C13D5200854074 = {
			isa = PBXGroup;
			children = (
				F98A0F0219D55A24004EBF8C /* CocoaHTTPServer-master */,
				B31B6D5015C13D5200854074 /* Frameworks */,
				F924C32519AB3FFD005881EB /* AutouploadService.h */,
				F924C32619AB3FFD005881EB /* AutouploadService.m */,
				B3CC61EF1716ECB500A1A8EF /* flx_photoupload_API.h */,
				B3CC61F01716ECB500A1A8EF /* flx_photoupload_API.m */,
				B3CC61F11716ECB500A1A8EF /* flx_photoupload_EventListener.h */,
				B3CC61F31716ECBB00A1A8EF /* flx_photoupload_EventListener.m */,
				F90B97AF19A5F26F00076B52 /* PhotoAsset.h */,
				F90B97B019A5F26F00076B52 /* PhotoAsset.m */,
				F9ACABC51998BCF300D80CF6 /* PhotoLibrary.h */,
				F9ACABC61998BCF300D80CF6 /* PhotoLibrary.m */,
				F91FDE9D19A4CFC600B3C936 /* PhotoUploader.h */,
				F91FDE9E19A4CFC600B3C936 /* PhotoUploader.m */,
				F90B97B419A6323D00076B52 /* PhotoUploadRequest.h */,
				F90B97B519A6323D00076B52 /* PhotoUploadRequest.m */,
				F966650E19DC526500DC9A28 /* ThumbnailServerHttpConnection.h */,
				F966650F19DC526500DC9A28 /* ThumbnailServerHttpConnection.m */,
				F90CE9CD19A23B7300FEC70F /* Constants.h */,
				B31B6D4F15C13D5200854074 /* Products */,
			);
			sourceTree = "<group>";
		};
		B31B6D4F15C13D5200854074 /* Products */ = {
			isa = PBXGroup;
			children = (
				B31B6D4E15C13D5200854074 /* libForgeModule.a */,
				B31B6D6D15C1467100854074 /* flx_photoupload.bundle */,
			);
			name = Products;
			sourceTree = "<group>";
		};
		B31B6D5015C13D5200854074 /* Frameworks */ = {
			isa = PBXGroup;
			children = (
				F9FE6EBA19D41AD70053534A /* Security.framework */,
				F9FE6EB819D41AB20053534A /* CFNetwork.framework */,
				F9FE6EB619D41A510053534A /* libxml2.dylib */,
				B37C3A5C162717A200B50A60 /* ForgeCore.framework */,
				B3FC524715C17B2C003574D9 /* SystemConfiguration.framework */,
				B3FC524115C177EA003574D9 /* AssetsLibrary.framework */,
				B3FC51FE15C1523D003574D9 /* CoreGraphics.framework */,
				B3FC51F715C151E5003574D9 /* UIKit.framework */,
				B31B6D5115C13D5200854074 /* Foundation.framework */,
				B31B6D6E15C1467100854074 /* CoreFoundation.framework */,
			);
			name = Frameworks;
			sourceTree = "<group>";
		};
		F98A0F0219D55A24004EBF8C /* CocoaHTTPServer-master */ = {
			isa = PBXGroup;
			children = (
				F98A0F0319D55A24004EBF8C /* .gitignore */,
				F98A0F0419D55A24004EBF8C /* .hgignore */,
				F98A0F0519D55A24004EBF8C /* Core */,
				F98A0F2D19D55A24004EBF8C /* Extensions */,
				F98A0F3719D55A24004EBF8C /* LICENSE.txt */,
				F98A0F3819D55A24004EBF8C /* README.markdown */,
				F98A0F6219D55A24004EBF8C /* Vendor */,
			);
			path = "CocoaHTTPServer-master";
			sourceTree = "<group>";
		};
		F98A0F0519D55A24004EBF8C /* Core */ = {
			isa = PBXGroup;
			children = (
				F98A0F0619D55A24004EBF8C /* Categories */,
				F98A0F0D19D55A24004EBF8C /* HTTPAuthenticationRequest.h */,
				F98A0F0E19D55A24004EBF8C /* HTTPAuthenticationRequest.m */,
				F98A0F0F19D55A24004EBF8C /* HTTPConnection.h */,
				F98A0F1019D55A24004EBF8C /* HTTPConnection.m */,
				F98A0F1119D55A24004EBF8C /* HTTPLogging.h */,
				F98A0F1219D55A24004EBF8C /* HTTPMessage.h */,
				F98A0F1319D55A24004EBF8C /* HTTPMessage.m */,
				F98A0F1419D55A24004EBF8C /* HTTPResponse.h */,
				F98A0F1519D55A24004EBF8C /* HTTPServer.h */,
				F98A0F1619D55A24004EBF8C /* HTTPServer.m */,
				F98A0F1719D55A24004EBF8C /* Mime */,
				F98A0F1E19D55A24004EBF8C /* Responses */,
				F98A0F2B19D55A24004EBF8C /* WebSocket.h */,
				F98A0F2C19D55A24004EBF8C /* WebSocket.m */,
			);
			path = Core;
			sourceTree = "<group>";
		};
		F98A0F0619D55A24004EBF8C /* Categories */ = {
			isa = PBXGroup;
			children = (
				F98A0F0719D55A24004EBF8C /* DDData.h */,
				F98A0F0819D55A24004EBF8C /* DDData.m */,
				F98A0F0919D55A24004EBF8C /* DDNumber.h */,
				F98A0F0A19D55A24004EBF8C /* DDNumber.m */,
				F98A0F0B19D55A24004EBF8C /* DDRange.h */,
				F98A0F0C19D55A24004EBF8C /* DDRange.m */,
			);
			path = Categories;
			sourceTree = "<group>";
		};
		F98A0F1719D55A24004EBF8C /* Mime */ = {
			isa = PBXGroup;
			children = (
				F98A0F1819D55A24004EBF8C /* MultipartFormDataParser.h */,
				F98A0F1919D55A24004EBF8C /* MultipartFormDataParser.m */,
				F98A0F1A19D55A24004EBF8C /* MultipartMessageHeader.h */,
				F98A0F1B19D55A24004EBF8C /* MultipartMessageHeader.m */,
				F98A0F1C19D55A24004EBF8C /* MultipartMessageHeaderField.h */,
				F98A0F1D19D55A24004EBF8C /* MultipartMessageHeaderField.m */,
			);
			path = Mime;
			sourceTree = "<group>";
		};
		F98A0F1E19D55A24004EBF8C /* Responses */ = {
			isa = PBXGroup;
			children = (
				F98A0F1F19D55A24004EBF8C /* HTTPAsyncFileResponse.h */,
				F98A0F2019D55A24004EBF8C /* HTTPAsyncFileResponse.m */,
				F98A0F2119D55A24004EBF8C /* HTTPDataResponse.h */,
				F98A0F2219D55A24004EBF8C /* HTTPDataResponse.m */,
				F98A0F2319D55A24004EBF8C /* HTTPDynamicFileResponse.h */,
				F98A0F2419D55A24004EBF8C /* HTTPDynamicFileResponse.m */,
				F98A0F2519D55A24004EBF8C /* HTTPErrorResponse.h */,
				F98A0F2619D55A24004EBF8C /* HTTPErrorResponse.m */,
				F98A0F2719D55A24004EBF8C /* HTTPFileResponse.h */,
				F98A0F2819D55A24004EBF8C /* HTTPFileResponse.m */,
				F98A0F2919D55A24004EBF8C /* HTTPRedirectResponse.h */,
				F98A0F2A19D55A24004EBF8C /* HTTPRedirectResponse.m */,
			);
			path = Responses;
			sourceTree = "<group>";
		};
		F98A0F2D19D55A24004EBF8C /* Extensions */ = {
			isa = PBXGroup;
			children = (
				F98A0F2E19D55A24004EBF8C /* WebDAV */,
			);
			path = Extensions;
			sourceTree = "<group>";
		};
		F98A0F2E19D55A24004EBF8C /* WebDAV */ = {
			isa = PBXGroup;
			children = (
				F98A0F2F19D55A24004EBF8C /* DAVConnection.h */,
				F98A0F3019D55A24004EBF8C /* DAVConnection.m */,
				F98A0F3119D55A24004EBF8C /* DAVResponse.h */,
				F98A0F3219D55A24004EBF8C /* DAVResponse.m */,
				F98A0F3319D55A24004EBF8C /* DELETEResponse.h */,
				F98A0F3419D55A24004EBF8C /* DELETEResponse.m */,
				F98A0F3519D55A24004EBF8C /* PUTResponse.h */,
				F98A0F3619D55A24004EBF8C /* PUTResponse.m */,
			);
			path = WebDAV;
			sourceTree = "<group>";
		};
		F98A0F6219D55A24004EBF8C /* Vendor */ = {
			isa = PBXGroup;
			children = (
				F98A0F6319D55A24004EBF8C /* CocoaAsyncSocket */,
				F98A0F6719D55A24004EBF8C /* CocoaLumberjack */,
			);
			path = Vendor;
			sourceTree = "<group>";
		};
		F98A0F6319D55A24004EBF8C /* CocoaAsyncSocket */ = {
			isa = PBXGroup;
			children = (
				F98A0F6419D55A24004EBF8C /* About.txt */,
				F98A0F6519D55A24004EBF8C /* GCDAsyncSocket.h */,
				F98A0F6619D55A24004EBF8C /* GCDAsyncSocket.m */,
			);
			path = CocoaAsyncSocket;
			sourceTree = "<group>";
		};
		F98A0F6719D55A24004EBF8C /* CocoaLumberjack */ = {
			isa = PBXGroup;
			children = (
				F98A0F6819D55A24004EBF8C /* About.txt */,
				F98A0F6919D55A24004EBF8C /* DDAbstractDatabaseLogger.h */,
				F98A0F6A19D55A24004EBF8C /* DDAbstractDatabaseLogger.m */,
				F98A0F6B19D55A24004EBF8C /* DDASLLogger.h */,
				F98A0F6C19D55A24004EBF8C /* DDASLLogger.m */,
				F98A0F6D19D55A24004EBF8C /* DDFileLogger.h */,
				F98A0F6E19D55A24004EBF8C /* DDFileLogger.m */,
				F98A0F6F19D55A24004EBF8C /* DDLog.h */,
				F98A0F7019D55A24004EBF8C /* DDLog.m */,
				F98A0F7119D55A24004EBF8C /* DDTTYLogger.h */,
				F98A0F7219D55A24004EBF8C /* DDTTYLogger.m */,
				F98A0F7319D55A24004EBF8C /* Extensions */,
			);
			path = CocoaLumberjack;
			sourceTree = "<group>";
		};
		F98A0F7319D55A24004EBF8C /* Extensions */ = {
			isa = PBXGroup;
			children = (
				F98A0F7419D55A24004EBF8C /* ContextFilterLogFormatter.h */,
				F98A0F7519D55A24004EBF8C /* ContextFilterLogFormatter.m */,
				F98A0F7619D55A24004EBF8C /* DispatchQueueLogFormatter.h */,
				F98A0F7719D55A24004EBF8C /* DispatchQueueLogFormatter.m */,
				F98A0F7819D55A24004EBF8C /* README.txt */,
			);
			path = Extensions;
			sourceTree = "<group>";
		};
/* End PBXGroup section */

/* Begin PBXNativeTarget section */
		B31B6D4D15C13D5200854074 /* ForgeModule */ = {
			isa = PBXNativeTarget;
			buildConfigurationList = B31B6D5C15C13D5200854074 /* Build configuration list for PBXNativeTarget "ForgeModule" */;
			buildPhases = (
				B31B6D4A15C13D5200854074 /* Sources */,
				B31B6D4B15C13D5200854074 /* Frameworks */,
			);
			buildRules = (
			);
			dependencies = (
			);
			name = ForgeModule;
			productName = ForgeCore;
			productReference = B31B6D4E15C13D5200854074 /* libForgeModule.a */;
			productType = "com.apple.product-type.library.static";
		};
		B31B6D6C15C1467100854074 /* ForgeModuleResources */ = {
			isa = PBXNativeTarget;
			buildConfigurationList = B31B6D7715C1467100854074 /* Build configuration list for PBXNativeTarget "ForgeModuleResources" */;
			buildPhases = (
				B31B6D6915C1467100854074 /* Sources */,
				B31B6D6A15C1467100854074 /* Frameworks */,
				B31B6D6B15C1467100854074 /* Resources */,
			);
			buildRules = (
			);
			dependencies = (
			);
			name = ForgeModuleResources;
			productName = ForgeCoreResources;
			productReference = B31B6D6D15C1467100854074 /* flx_photoupload.bundle */;
			productType = "com.apple.product-type.bundle";
		};
/* End PBXNativeTarget section */

/* Begin PBXProject section */
		B31B6D4515C13D5200854074 /* Project object */ = {
			isa = PBXProject;
			attributes = {
				LastUpgradeCheck = 0500;
				ORGANIZATIONNAME = "Trigger Corp";
			};
			buildConfigurationList = B31B6D4815C13D5200854074 /* Build configuration list for PBXProject "ForgeModule" */;
			compatibilityVersion = "Xcode 3.2";
			developmentRegion = English;
			hasScannedForEncodings = 0;
			knownRegions = (
				en,
				English,
			);
			mainGroup = B31B6D4315C13D5200854074;
			productRefGroup = B31B6D4F15C13D5200854074 /* Products */;
			projectDirPath = "";
			projectRoot = "";
			targets = (
				B31B6D4D15C13D5200854074 /* ForgeModule */,
				B31B6D6C15C1467100854074 /* ForgeModuleResources */,
			);
		};
/* End PBXProject section */

/* Begin PBXResourcesBuildPhase section */
		B31B6D6B15C1467100854074 /* Resources */ = {
			isa = PBXResourcesBuildPhase;
			buildActionMask = 2147483647;
			files = (
				F98A0FAA19D55A24004EBF8C /* About.txt in Resources */,
				F98A0FA519D55A24004EBF8C /* LICENSE.txt in Resources */,
				F98A0F7A19D55A24004EBF8C /* .hgignore in Resources */,
				F98A0FA619D55A24004EBF8C /* README.markdown in Resources */,
				F98A0F7919D55A24004EBF8C /* .gitignore in Resources */,
				F98A0FB919D55A24004EBF8C /* README.txt in Resources */,
				F98A0FA719D55A24004EBF8C /* About.txt in Resources */,
			);
			runOnlyForDeploymentPostprocessing = 0;
		};
/* End PBXResourcesBuildPhase section */

/* Begin PBXSourcesBuildPhase section */
		B31B6D4A15C13D5200854074 /* Sources */ = {
			isa = PBXSourcesBuildPhase;
			buildActionMask = 2147483647;
			files = (
				F924C32719AB3FFD005881EB /* AutouploadService.m in Sources */,
				F90B97B619A6323D00076B52 /* PhotoUploadRequest.m in Sources */,
				F98A0F7D19D55A24004EBF8C /* DDNumber.m in Sources */,
				F98A0F8B19D55A24004EBF8C /* MultipartMessageHeader.m in Sources */,
				F98A0F8119D55A24004EBF8C /* HTTPAuthenticationRequest.m in Sources */,
				F98A0F9B19D55A24004EBF8C /* WebSocket.m in Sources */,
				F98A0F9119D55A24004EBF8C /* HTTPDataResponse.m in Sources */,
				B3CC61F21716ECB500A1A8EF /* flx_photoupload_API.m in Sources */,
				F98A0FB519D55A24004EBF8C /* ContextFilterLogFormatter.m in Sources */,
				B3CC61F41716ECBB00A1A8EF /* flx_photoupload_EventListener.m in Sources */,
				F98A0FAD19D55A24004EBF8C /* DDASLLogger.m in Sources */,
				F98A0F7F19D55A24004EBF8C /* DDRange.m in Sources */,
				F98A0F8319D55A24004EBF8C /* HTTPConnection.m in Sources */,
				F98A0FB719D55A24004EBF8C /* DispatchQueueLogFormatter.m in Sources */,
				F9ACABC71998BCF300D80CF6 /* PhotoLibrary.m in Sources */,
				F98A0FA319D55A24004EBF8C /* PUTResponse.m in Sources */,
				F98A0F9F19D55A24004EBF8C /* DAVResponse.m in Sources */,
				F98A0FAB19D55A24004EBF8C /* DDAbstractDatabaseLogger.m in Sources */,
				F98A0F8919D55A24004EBF8C /* MultipartFormDataParser.m in Sources */,
				F98A0FAF19D55A24004EBF8C /* DDFileLogger.m in Sources */,
				F98A0F9319D55A24004EBF8C /* HTTPDynamicFileResponse.m in Sources */,
				F98A0F7B19D55A24004EBF8C /* DDData.m in Sources */,
				F98A0FA819D55A24004EBF8C /* GCDAsyncSocket.m in Sources */,
				F98A0FB319D55A24004EBF8C /* DDTTYLogger.m in Sources */,
				F98A0FA119D55A24004EBF8C /* DELETEResponse.m in Sources */,
				F90B97B119A5F26F00076B52 /* PhotoAsset.m in Sources */,
				F98A0F8D19D55A24004EBF8C /* MultipartMessageHeaderField.m in Sources */,
				F98A0F9D19D55A24004EBF8C /* DAVConnection.m in Sources */,
				F98A0F9519D55A24004EBF8C /* HTTPErrorResponse.m in Sources */,
				F98A0F9919D55A24004EBF8C /* HTTPRedirectResponse.m in Sources */,
				F966651019DC526500DC9A28 /* ThumbnailServerHttpConnection.m in Sources */,
				F98A0FB119D55A24004EBF8C /* DDLog.m in Sources */,
				F91FDE9F19A4CFC600B3C936 /* PhotoUploader.m in Sources */,
				F98A0F9719D55A24004EBF8C /* HTTPFileResponse.m in Sources */,
				F98A0F8719D55A24004EBF8C /* HTTPServer.m in Sources */,
				F98A0F8519D55A24004EBF8C /* HTTPMessage.m in Sources */,
				F98A0F8F19D55A24004EBF8C /* HTTPAsyncFileResponse.m in Sources */,
			);
			runOnlyForDeploymentPostprocessing = 0;
		};
		B31B6D6915C1467100854074 /* Sources */ = {
			isa = PBXSourcesBuildPhase;
			buildActionMask = 2147483647;
			files = (
			);
			runOnlyForDeploymentPostprocessing = 0;
		};
/* End PBXSourcesBuildPhase section */

/* Begin XCBuildConfiguration section */
		B31B6D5A15C13D5200854074 /* Debug */ = {
			isa = XCBuildConfiguration;
			buildSettings = {
				ALWAYS_SEARCH_USER_PATHS = YES;
				CLANG_CXX_LANGUAGE_STANDARD = "gnu++0x";
				CLANG_ENABLE_OBJC_ARC = YES;
				CLANG_WARN_BOOL_CONVERSION = YES;
				CLANG_WARN_CONSTANT_CONVERSION = YES;
				CLANG_WARN_EMPTY_BODY = YES;
				CLANG_WARN_ENUM_CONVERSION = YES;
				CLANG_WARN_INT_CONVERSION = YES;
				CLANG_WARN__DUPLICATE_METHOD_MATCH = YES;
				COPY_PHASE_STRIP = NO;
				GCC_C_LANGUAGE_STANDARD = gnu99;
				GCC_DYNAMIC_NO_PIC = NO;
				GCC_OPTIMIZATION_LEVEL = 0;
				GCC_PREPROCESSOR_DEFINITIONS = (
					"DEBUG=1",
					"$(inherited)",
				);
				GCC_SYMBOLS_PRIVATE_EXTERN = NO;
				GCC_VERSION = com.apple.compilers.llvm.clang.1_0;
				GCC_WARN_ABOUT_RETURN_TYPE = YES;
				GCC_WARN_UNDECLARED_SELECTOR = YES;
				GCC_WARN_UNINITIALIZED_AUTOS = YES;
				GCC_WARN_UNUSED_FUNCTION = YES;
				GCC_WARN_UNUSED_VARIABLE = YES;
				IPHONEOS_DEPLOYMENT_TARGET = 5.0.1;
				ONLY_ACTIVE_ARCH = YES;
				SDKROOT = iphoneos;
				USER_HEADER_SEARCH_PATHS = "$(SDKROOT)/usr/include/libxml2";
			};
			name = Debug;
		};
		B31B6D5B15C13D5200854074 /* Release */ = {
			isa = XCBuildConfiguration;
			buildSettings = {
				ALWAYS_SEARCH_USER_PATHS = YES;
				CLANG_CXX_LANGUAGE_STANDARD = "gnu++0x";
				CLANG_ENABLE_OBJC_ARC = YES;
				CLANG_WARN_BOOL_CONVERSION = YES;
				CLANG_WARN_CONSTANT_CONVERSION = YES;
				CLANG_WARN_EMPTY_BODY = YES;
				CLANG_WARN_ENUM_CONVERSION = YES;
				CLANG_WARN_INT_CONVERSION = YES;
				CLANG_WARN__DUPLICATE_METHOD_MATCH = YES;
				COPY_PHASE_STRIP = YES;
				GCC_C_LANGUAGE_STANDARD = gnu99;
				GCC_VERSION = com.apple.compilers.llvm.clang.1_0;
				GCC_WARN_ABOUT_RETURN_TYPE = YES;
				GCC_WARN_UNDECLARED_SELECTOR = YES;
				GCC_WARN_UNINITIALIZED_AUTOS = YES;
				GCC_WARN_UNUSED_FUNCTION = YES;
				GCC_WARN_UNUSED_VARIABLE = YES;
				IPHONEOS_DEPLOYMENT_TARGET = 5.0.1;
				SDKROOT = iphoneos;
				USER_HEADER_SEARCH_PATHS = "$(SDKROOT)/usr/include/libxml2";
				VALIDATE_PRODUCT = YES;
			};
			name = Release;
		};
		B31B6D5D15C13D5200854074 /* Debug */ = {
			isa = XCBuildConfiguration;
			buildSettings = {
				COPY_PHASE_STRIP = NO;
				DEAD_CODE_STRIPPING = NO;
				FRAMEWORK_SEARCH_PATHS = (
					"$(inherited)",
					"\"$(SRCROOT)\"",
					"\"$(SRCROOT)/..\"",
				);
				GCC_PRECOMPILE_PREFIX_HEADER = YES;
				GCC_PREFIX_HEADER = "ForgeModule-Prefix.pch";
				HEADER_SEARCH_PATHS = "./**";
				OTHER_LDFLAGS = "-ObjC";
				PRODUCT_NAME = "$(TARGET_NAME)";
				SDKROOT = iphoneos;
				SKIP_INSTALL = YES;
				STRIP_STYLE = "non-global";
			};
			name = Debug;
		};
		B31B6D5E15C13D5200854074 /* Release */ = {
			isa = XCBuildConfiguration;
			buildSettings = {
				COPY_PHASE_STRIP = NO;
				DEAD_CODE_STRIPPING = NO;
				FRAMEWORK_SEARCH_PATHS = (
					"$(inherited)",
					"\"$(SRCROOT)\"",
					"\"$(SRCROOT)/..\"",
				);
				GCC_PRECOMPILE_PREFIX_HEADER = YES;
				GCC_PREFIX_HEADER = "ForgeModule-Prefix.pch";
				HEADER_SEARCH_PATHS = "./**";
				OTHER_LDFLAGS = "-ObjC";
				PRODUCT_NAME = "$(TARGET_NAME)";
				SDKROOT = iphoneos;
				SKIP_INSTALL = YES;
				STRIP_STYLE = "non-global";
			};
			name = Release;
		};
		B31B6D7815C1467100854074 /* Debug */ = {
			isa = XCBuildConfiguration;
			buildSettings = {
				FRAMEWORK_SEARCH_PATHS = (
					"$(inherited)",
					"\"$(SRCROOT)\"",
				);
				GCC_ENABLE_OBJC_EXCEPTIONS = YES;
				GCC_PRECOMPILE_PREFIX_HEADER = YES;
				GCC_PREFIX_HEADER = "";
				GCC_WARN_64_TO_32_BIT_CONVERSION = YES;
				INFOPLIST_FILE = "";
				INSTALL_PATH = "$(LOCAL_LIBRARY_DIR)/Bundles";
				MACOSX_DEPLOYMENT_TARGET = 10.7;
				ONLY_ACTIVE_ARCH = NO;
				PRODUCT_NAME = flx_photoupload;
				SDKROOT = iphoneos;
				WRAPPER_EXTENSION = bundle;
			};
			name = Debug;
		};
		B31B6D7915C1467100854074 /* Release */ = {
			isa = XCBuildConfiguration;
			buildSettings = {
				DEBUG_INFORMATION_FORMAT = "dwarf-with-dsym";
				FRAMEWORK_SEARCH_PATHS = (
					"$(inherited)",
					"\"$(SRCROOT)\"",
				);
				GCC_ENABLE_OBJC_EXCEPTIONS = YES;
				GCC_PRECOMPILE_PREFIX_HEADER = YES;
				GCC_PREFIX_HEADER = "";
				GCC_WARN_64_TO_32_BIT_CONVERSION = YES;
				INFOPLIST_FILE = "";
				INSTALL_PATH = "$(LOCAL_LIBRARY_DIR)/Bundles";
				MACOSX_DEPLOYMENT_TARGET = 10.7;
				ONLY_ACTIVE_ARCH = NO;
				PRODUCT_NAME = flx_photoupload;
				SDKROOT = iphoneos;
				WRAPPER_EXTENSION = bundle;
			};
			name = Release;
		};
/* End XCBuildConfiguration section */

/* Begin XCConfigurationList section */
		B31B6D4815C13D5200854074 /* Build configuration list for PBXProject "ForgeModule" */ = {
			isa = XCConfigurationList;
			buildConfigurations = (
				B31B6D5A15C13D5200854074 /* Debug */,
				B31B6D5B15C13D5200854074 /* Release */,
			);
			defaultConfigurationIsVisible = 0;
			defaultConfigurationName = Release;
		};
		B31B6D5C15C13D5200854074 /* Build configuration list for PBXNativeTarget "ForgeModule" */ = {
			isa = XCConfigurationList;
			buildConfigurations = (
				B31B6D5D15C13D5200854074 /* Debug */,
				B31B6D5E15C13D5200854074 /* Release */,
			);
			defaultConfigurationIsVisible = 0;
			defaultConfigurationName = Release;
		};
		B31B6D7715C1467100854074 /* Build configuration list for PBXNativeTarget "ForgeModuleResources" */ = {
			isa = XCConfigurationList;
			buildConfigurations = (
				B31B6D7815C1467100854074 /* Debug */,
				B31B6D7915C1467100854074 /* Release */,
			);
			defaultConfigurationIsVisible = 0;
			defaultConfigurationName = Release;
		};
/* End XCConfigurationList section */
	};
	rootObject = B31B6D4515C13D5200854074 /* Project object */;
}
